
Microsoft Visual Studio Solution File, Format Version 12.00
# Visual Studio Version 17
VisualStudioVersion = 17.0.31903.59
MinimumVisualStudioVersion = 10.0.40219.1
Project("{FAE04EC0-301F-11D3-BF4B-00C04F79EFBC}") = "EJERCICIO_05_SEMANA_05", "EJERCICIO_05_SEMANA_05\EJERCICIO_05_SEMANA_05.csproj", "{C1B42460-FAFD-45EF-8AD9-161C5B574BC4}"
EndProject
Global
	GlobalSection(SolutionConfigurationPlatforms) = preSolution
		Debug|Any CPU = Debug|Any CPU
		Release|Any CPU = Release|Any CPU
	EndGlobalSection
	GlobalSection(SolutionProperties) = preSolution
		HideSolutionNode = FALSE
	EndGlobalSection
	GlobalSection(ProjectConfigurationPlatforms) = postSolution
		{C1B42460-FAFD-45EF-8AD9-161C5B574BC4}.Debug|Any CPU.ActiveCfg = Debug|Any CPU
		{C1B42460-FAFD-45EF-8AD9-161C5B574BC4}.Debug|Any CPU.Build.0 = Debug|Any CPU
		{C1B42460-FAFD-45EF-8AD9-161C5B574BC4}.Release|Any CPU.ActiveCfg = Release|Any CPU
		{C1B42460-FAFD-45EF-8AD9-161C5B574BC4}.Release|Any CPU.Build.0 = Release|Any CPU
	EndGlobalSection
EndGlobal
